
Microsoft Visual Studio Solution File, Format Version 12.00
# Visual Studio 15
VisualStudioVersion = 15.0.27703.2018
MinimumVisualStudioVersion = 10.0.40219.1
Project("{FAE04EC0-301F-11D3-BF4B-00C04F79EFBC}") = "Younited.Scheduling.Publisher", "Younited.Scheduling.Publisher\Younited.Scheduling.Publisher.csproj", "{CAFCAE47-2608-494E-9980-BF52C759AD65}"
EndProject
Project("{FAE04EC0-301F-11D3-BF4B-00C04F79EFBC}") = "Younited.Scheduling.Subscriber", "Younited.Scheduling.Subscriber\Younited.Scheduling.Subscriber.csproj", "{D87B5994-634B-41B9-B052-DD5A0BD84CD8}"
EndProject
Global
	GlobalSection(SolutionConfigurationPlatforms) = preSolution
		Debug|Any CPU = Debug|Any CPU
		Release|Any CPU = Release|Any CPU
	EndGlobalSection
	GlobalSection(ProjectConfigurationPlatforms) = postSolution
		{CAFCAE47-2608-494E-9980-BF52C759AD65}.Debug|Any CPU.ActiveCfg = Debug|Any CPU
		{CAFCAE47-2608-494E-9980-BF52C759AD65}.Debug|Any CPU.Build.0 = Debug|Any CPU
		{CAFCAE47-2608-494E-9980-BF52C759AD65}.Release|Any CPU.ActiveCfg = Release|Any CPU
		{CAFCAE47-2608-494E-9980-BF52C759AD65}.Release|Any CPU.Build.0 = Release|Any CPU
		{D87B5994-634B-41B9-B052-DD5A0BD84CD8}.Debug|Any CPU.ActiveCfg = Debug|Any CPU
		{D87B5994-634B-41B9-B052-DD5A0BD84CD8}.Debug|Any CPU.Build.0 = Debug|Any CPU
		{D87B5994-634B-41B9-B052-DD5A0BD84CD8}.Release|Any CPU.ActiveCfg = Release|Any CPU
		{D87B5994-634B-41B9-B052-DD5A0BD84CD8}.Release|Any CPU.Build.0 = Release|Any CPU
	EndGlobalSection
	GlobalSection(SolutionProperties) = preSolution
		HideSolutionNode = FALSE
	EndGlobalSection
	GlobalSection(ExtensibilityGlobals) = postSolution
		SolutionGuid = {4A149A69-5F96-4098-B580-AB7B42BF90A5}
	EndGlobalSection
EndGlobal
